
Microsoft Visual Studio Solution File, Format Version 11.00
# Visual Studio 2010
Project("{FAE04EC0-301F-11D3-BF4B-00C04F79EFBC}") = "MoonlightViewer", "MoonlightViewer\MoonlightViewer.csproj", "{C437AF54-EDF2-4EC9-8CF4-B54035410275}"
EndProject
Global
	GlobalSection(SolutionConfigurationPlatforms) = preSolution
		Debug|x86 = Debug|x86
		Release|x86 = Release|x86
	EndGlobalSection
	GlobalSection(ProjectConfigurationPlatforms) = postSolution
		{C437AF54-EDF2-4EC9-8CF4-B54035410275}.Debug|x86.ActiveCfg = Debug|x86
		{C437AF54-EDF2-4EC9-8CF4-B54035410275}.Debug|x86.Build.0 = Debug|x86
		{C437AF54-EDF2-4EC9-8CF4-B54035410275}.Release|x86.ActiveCfg = Release|x86
		{C437AF54-EDF2-4EC9-8CF4-B54035410275}.Release|x86.Build.0 = Release|x86
	EndGlobalSection
	GlobalSection(SolutionProperties) = preSolution
		HideSolutionNode = FALSE
	EndGlobalSection
EndGlobal
